
Microsoft Visual Studio Solution File, Format Version 12.00
# Visual Studio Version 17
VisualStudioVersion = 17.3.32929.385
MinimumVisualStudioVersion = 10.0.40219.1
Project("{FAE04EC0-301F-11D3-BF4B-00C04F79EFBC}") = "APP CONTABLE.Android", "APP CONTABLE.Android\APP CONTABLE.Android.csproj", "{21038BA9-34BA-4D54-8111-59880C86F993}"
EndProject
Project("{FAE04EC0-301F-11D3-BF4B-00C04F79EFBC}") = "APP CONTABLE", "APP CONTABLE\APP CONTABLE.csproj", "{C7577C9B-CF67-4F3D-9410-CCB25182DA86}"
EndProject
Global
	GlobalSection(SolutionConfigurationPlatforms) = preSolution
		Debug|Any CPU = Debug|Any CPU
		Release|Any CPU = Release|Any CPU
	EndGlobalSection
	GlobalSection(ProjectConfigurationPlatforms) = postSolution
		{21038BA9-34BA-4D54-8111-59880C86F993}.Debug|Any CPU.ActiveCfg = Debug|Any CPU
		{21038BA9-34BA-4D54-8111-59880C86F993}.Debug|Any CPU.Build.0 = Debug|Any CPU
		{21038BA9-34BA-4D54-8111-59880C86F993}.Debug|Any CPU.Deploy.0 = Debug|Any CPU
		{21038BA9-34BA-4D54-8111-59880C86F993}.Release|Any CPU.ActiveCfg = Release|Any CPU
		{21038BA9-34BA-4D54-8111-59880C86F993}.Release|Any CPU.Build.0 = Release|Any CPU
		{21038BA9-34BA-4D54-8111-59880C86F993}.Release|Any CPU.Deploy.0 = Release|Any CPU
		{C7577C9B-CF67-4F3D-9410-CCB25182DA86}.Debug|Any CPU.ActiveCfg = Debug|Any CPU
		{C7577C9B-CF67-4F3D-9410-CCB25182DA86}.Debug|Any CPU.Build.0 = Debug|Any CPU
		{C7577C9B-CF67-4F3D-9410-CCB25182DA86}.Debug|Any CPU.Deploy.0 = Debug|Any CPU
		{C7577C9B-CF67-4F3D-9410-CCB25182DA86}.Release|Any CPU.ActiveCfg = Release|Any CPU
		{C7577C9B-CF67-4F3D-9410-CCB25182DA86}.Release|Any CPU.Build.0 = Release|Any CPU
		{C7577C9B-CF67-4F3D-9410-CCB25182DA86}.Release|Any CPU.Deploy.0 = Release|Any CPU
	EndGlobalSection
	GlobalSection(SolutionProperties) = preSolution
		HideSolutionNode = FALSE
	EndGlobalSection
	GlobalSection(ExtensibilityGlobals) = postSolution
		SolutionGuid = {536580C0-76D4-497B-A7F1-CBDA8DFDDB91}
	EndGlobalSection
EndGlobal
